
Microsoft Visual Studio Solution File, Format Version 12.00
# Visual Studio 15
VisualStudioVersion = 15.0.27703.2018
MinimumVisualStudioVersion = 10.0.40219.1
Project("{FAE04EC0-301F-11D3-BF4B-00C04F79EFBC}") = "SpotifyForms.Android", "SpotifyForms\SpotifyForms.Android\SpotifyForms.Android.csproj", "{E1745236-DA2D-4342-8F84-245CD208D25A}"
EndProject
Project("{FAE04EC0-301F-11D3-BF4B-00C04F79EFBC}") = "SpotifyForms.iOS", "SpotifyForms\SpotifyForms.iOS\SpotifyForms.iOS.csproj", "{DAD837AC-0D82-47A8-B3AB-1F57311E4F5C}"
EndProject
Project("{FAE04EC0-301F-11D3-BF4B-00C04F79EFBC}") = "SpotifyForms.UWP", "SpotifyForms\SpotifyForms.UWP\SpotifyForms.UWP.csproj", "{24557E7E-6874-4673-A660-4CFCA658075A}"
EndProject
Project("{FAE04EC0-301F-11D3-BF4B-00C04F79EFBC}") = "SpotifyForms.Core", "SpotifyForms\SpotifyForms\SpotifyForms.Core.csproj", "{86168975-3D6D-4AE7-86E4-037E18B853FF}"
EndProject
Global
	GlobalSection(SolutionConfigurationPlatforms) = preSolution
		Ad-Hoc|Any CPU = Ad-Hoc|Any CPU
		Ad-Hoc|ARM = Ad-Hoc|ARM
		Ad-Hoc|iPhone = Ad-Hoc|iPhone
		Ad-Hoc|iPhoneSimulator = Ad-Hoc|iPhoneSimulator
		Ad-Hoc|x64 = Ad-Hoc|x64
		Ad-Hoc|x86 = Ad-Hoc|x86
		AppStore|Any CPU = AppStore|Any CPU
		AppStore|ARM = AppStore|ARM
		AppStore|iPhone = AppStore|iPhone
		AppStore|iPhoneSimulator = AppStore|iPhoneSimulator
		AppStore|x64 = AppStore|x64
		AppStore|x86 = AppStore|x86
		Debug|Any CPU = Debug|Any CPU
		Debug|ARM = Debug|ARM
		Debug|iPhone = Debug|iPhone
		Debug|iPhoneSimulator = Debug|iPhoneSimulator
		Debug|x64 = Debug|x64
		Debug|x86 = Debug|x86
		Release|Any CPU = Release|Any CPU
		Release|ARM = Release|ARM
		Release|iPhone = Release|iPhone
		Release|iPhoneSimulator = Release|iPhoneSimulator
		Release|x64 = Release|x64
		Release|x86 = Release|x86
	EndGlobalSection
	GlobalSection(ProjectConfigurationPlatforms) = postSolution
		{E1745236-DA2D-4342-8F84-245CD208D25A}.Ad-Hoc|Any CPU.ActiveCfg = Release|Any CPU
		{E1745236-DA2D-4342-8F84-245CD208D25A}.Ad-Hoc|Any CPU.Build.0 = Release|Any CPU
		{E1745236-DA2D-4342-8F84-245CD208D25A}.Ad-Hoc|Any CPU.Deploy.0 = Release|Any CPU
		{E1745236-DA2D-4342-8F84-245CD208D25A}.Ad-Hoc|ARM.ActiveCfg = Release|Any CPU
		{E1745236-DA2D-4342-8F84-245CD208D25A}.Ad-Hoc|ARM.Build.0 = Release|Any CPU
		{E1745236-DA2D-4342-8F84-245CD208D25A}.Ad-Hoc|ARM.Deploy.0 = Release|Any CPU
		{E1745236-DA2D-4342-8F84-245CD208D25A}.Ad-Hoc|iPhone.ActiveCfg = Release|Any CPU
		{E1745236-DA2D-4342-8F84-245CD208D25A}.Ad-Hoc|iPhone.Build.0 = Release|Any CPU
		{E1745236-DA2D-4342-8F84-245CD208D25A}.Ad-Hoc|iPhone.Deploy.0 = Release|Any CPU
		{E1745236-DA2D-4342-8F84-245CD208D25A}.Ad-Hoc|iPhoneSimulator.ActiveCfg = Release|Any CPU
		{E1745236-DA2D-4342-8F84-245CD208D25A}.Ad-Hoc|iPhoneSimulator.Build.0 = Release|Any CPU
		{E1745236-DA2D-4342-8F84-245CD208D25A}.Ad-Hoc|iPhoneSimulator.Deploy.0 = Release|Any CPU
		{E1745236-DA2D-4342-8F84-245CD208D25A}.Ad-Hoc|x64.ActiveCfg = Release|Any CPU
		{E1745236-DA2D-4342-8F84-245CD208D25A}.Ad-Hoc|x64.Build.0 = Release|Any CPU
		{E1745236-DA2D-4342-8F84-245CD208D25A}.Ad-Hoc|x64.Deploy.0 = Release|Any CPU
		{E1745236-DA2D-4342-8F84-245CD208D25A}.Ad-Hoc|x86.ActiveCfg = Release|Any CPU
		{E1745236-DA2D-4342-8F84-245CD208D25A}.Ad-Hoc|x86.Build.0 = Release|Any CPU
		{E1745236-DA2D-4342-8F84-245CD208D25A}.Ad-Hoc|x86.Deploy.0 = Release|Any CPU
		{E1745236-DA2D-4342-8F84-245CD208D25A}.AppStore|Any CPU.ActiveCfg = Release|Any CPU
		{E1745236-DA2D-4342-8F84-245CD208D25A}.AppStore|Any CPU.Build.0 = Release|Any CPU
		{E1745236-DA2D-4342-8F84-245CD208D25A}.AppStore|Any CPU.Deploy.0 = Release|Any CPU
		{E1745236-DA2D-4342-8F84-245CD208D25A}.AppStore|ARM.ActiveCfg = Release|Any CPU
		{E1745236-DA2D-4342-8F84-245CD208D25A}.AppStore|ARM.Build.0 = Release|Any CPU
		{E1745236-DA2D-4342-8F84-245CD208D25A}.AppStore|ARM.Deploy.0 = Release|Any CPU
		{E1745236-DA2D-4342-8F84-245CD208D25A}.AppStore|iPhone.ActiveCfg = Release|Any CPU
		{E1745236-DA2D-4342-8F84-245CD208D25A}.AppStore|iPhone.Build.0 = Release|Any CPU
		{E1745236-DA2D-4342-8F84-245CD208D25A}.AppStore|iPhone.Deploy.0 = Release|Any CPU
		{E1745236-DA2D-4342-8F84-245CD208D25A}.AppStore|iPhoneSimulator.ActiveCfg = Release|Any CPU
		{E1745236-DA2D-4342-8F84-245CD208D25A}.AppStore|iPhoneSimulator.Build.0 = Release|Any CPU
		{E1745236-DA2D-4342-8F84-245CD208D25A}.AppStore|iPhoneSimulator.Deploy.0 = Release|Any CPU
		{E1745236-DA2D-4342-8F84-245CD208D25A}.AppStore|x64.ActiveCfg = Release|Any CPU
		{E1745236-DA2D-4342-8F84-245CD208D25A}.AppStore|x64.Build.0 = Release|Any CPU
		{E1745236-DA2D-4342-8F84-245CD208D25A}.AppStore|x64.Deploy.0 = Release|Any CPU
		{E1745236-DA2D-4342-8F84-245CD208D25A}.AppStore|x86.ActiveCfg = Release|Any CPU
		{E1745236-DA2D-4342-8F84-245CD208D25A}.AppStore|x86.Build.0 = Release|Any CPU
		{E1745236-DA2D-4342-8F84-245CD208D25A}.AppStore|x86.Deploy.0 = Release|Any CPU
		{E1745236-DA2D-4342-8F84-245CD208D25A}.Debug|Any CPU.ActiveCfg = Debug|Any CPU
		{E1745236-DA2D-4342-8F84-245CD208D25A}.Debug|Any CPU.Build.0 = Debug|Any CPU
		{E1745236-DA2D-4342-8F84-245CD208D25A}.Debug|Any CPU.Deploy.0 = Debug|Any CPU
		{E1745236-DA2D-4342-8F84-245CD208D25A}.Debug|ARM.ActiveCfg = Debug|Any CPU
		{E1745236-DA2D-4342-8F84-245CD208D25A}.Debug|ARM.Build.0 = Debug|Any CPU
		{E1745236-DA2D-4342-8F84-245CD208D25A}.Debug|ARM.Deploy.0 = Debug|Any CPU
		{E1745236-DA2D-4342-8F84-245CD208D25A}.Debug|iPhone.ActiveCfg = Debug|Any CPU
		{E1745236-DA2D-4342-8F84-245CD208D25A}.Debug|iPhone.Build.0 = Debug|Any CPU
		{E1745236-DA2D-4342-8F84-245CD208D25A}.Debug|iPhone.Deploy.0 = Debug|Any CPU
		{E1745236-DA2D-4342-8F84-245CD208D25A}.Debug|iPhoneSimulator.ActiveCfg = Debug|Any CPU
		{E1745236-DA2D-4342-8F84-245CD208D25A}.Debug|iPhoneSimulator.Build.0 = Debug|Any CPU
		{E1745236-DA2D-4342-8F84-245CD208D25A}.Debug|iPhoneSimulator.Deploy.0 = Debug|Any CPU
		{E1745236-DA2D-4342-8F84-245CD208D25A}.Debug|x64.ActiveCfg = Debug|Any CPU
		{E1745236-DA2D-4342-8F84-245CD208D25A}.Debug|x64.Build.0 = Debug|Any CPU
		{E1745236-DA2D-4342-8F84-245CD208D25A}.Debug|x64.Deploy.0 = Debug|Any CPU
		{E1745236-DA2D-4342-8F84-245CD208D25A}.Debug|x86.ActiveCfg = Debug|Any CPU
		{E1745236-DA2D-4342-8F84-245CD208D25A}.Debug|x86.Build.0 = Debug|Any CPU
		{E1745236-DA2D-4342-8F84-245CD208D25A}.Debug|x86.Deploy.0 = Debug|Any CPU
		{E1745236-DA2D-4342-8F84-245CD208D25A}.Release|Any CPU.ActiveCfg = Release|Any CPU
		{E1745236-DA2D-4342-8F84-245CD208D25A}.Release|Any CPU.Build.0 = Release|Any CPU
		{E1745236-DA2D-4342-8F84-245CD208D25A}.Release|Any CPU.Deploy.0 = Release|Any CPU
		{E1745236-DA2D-4342-8F84-245CD208D25A}.Release|ARM.ActiveCfg = Release|Any CPU
		{E1745236-DA2D-4342-8F84-245CD208D25A}.Release|ARM.Build.0 = Release|Any CPU
		{E1745236-DA2D-4342-8F84-245CD208D25A}.Release|ARM.Deploy.0 = Release|Any CPU
		{E1745236-DA2D-4342-8F84-245CD208D25A}.Release|iPhone.ActiveCfg = Release|Any CPU
		{E1745236-DA2D-4342-8F84-245CD208D25A}.Release|iPhone.Build.0 = Release|Any CPU
		{E1745236-DA2D-4342-8F84-245CD208D25A}.Release|iPhone.Deploy.0 = Release|Any CPU
		{E1745236-DA2D-4342-8F84-245CD208D25A}.Release|iPhoneSimulator.ActiveCfg = Release|Any CPU
		{E1745236-DA2D-4342-8F84-245CD208D25A}.Release|iPhoneSimulator.Build.0 = Release|Any CPU
		{E1745236-DA2D-4342-8F84-245CD208D25A}.Release|iPhoneSimulator.Deploy.0 = Release|Any CPU
		{E1745236-DA2D-4342-8F84-245CD208D25A}.Release|x64.ActiveCfg = Release|Any CPU
		{E1745236-DA2D-4342-8F84-245CD208D25A}.Release|x64.Build.0 = Release|Any CPU
		{E1745236-DA2D-4342-8F84-245CD208D25A}.Release|x64.Deploy.0 = Release|Any CPU
		{E1745236-DA2D-4342-8F84-245CD208D25A}.Release|x86.ActiveCfg = Release|Any CPU
		{E1745236-DA2D-4342-8F84-245CD208D25A}.Release|x86.Build.0 = Release|Any CPU
		{E1745236-DA2D-4342-8F84-245CD208D25A}.Release|x86.Deploy.0 = Release|Any CPU
		{DAD837AC-0D82-47A8-B3AB-1F57311E4F5C}.Ad-Hoc|Any CPU.ActiveCfg = Ad-Hoc|iPhone
		{DAD837AC-0D82-47A8-B3AB-1F57311E4F5C}.Ad-Hoc|Any CPU.Build.0 = Ad-Hoc|iPhone
		{DAD837AC-0D82-47A8-B3AB-1F57311E4F5C}.Ad-Hoc|Any CPU.Deploy.0 = Ad-Hoc|iPhone
		{DAD837AC-0D82-47A8-B3AB-1F57311E4F5C}.Ad-Hoc|ARM.ActiveCfg = Ad-Hoc|iPhone
		{DAD837AC-0D82-47A8-B3AB-1F57311E4F5C}.Ad-Hoc|ARM.Build.0 = Ad-Hoc|iPhone
		{DAD837AC-0D82-47A8-B3AB-1F57311E4F5C}.Ad-Hoc|ARM.Deploy.0 = Ad-Hoc|iPhone
		{DAD837AC-0D82-47A8-B3AB-1F57311E4F5C}.Ad-Hoc|iPhone.ActiveCfg = Ad-Hoc|iPhone
		{DAD837AC-0D82-47A8-B3AB-1F57311E4F5C}.Ad-Hoc|iPhone.Build.0 = Ad-Hoc|iPhone
		{DAD837AC-0D82-47A8-B3AB-1F57311E4F5C}.Ad-Hoc|iPhone.Deploy.0 = Ad-Hoc|iPhone
		{DAD837AC-0D82-47A8-B3AB-1F57311E4F5C}.Ad-Hoc|iPhoneSimulator.ActiveCfg = Ad-Hoc|iPhoneSimulator
		{DAD837AC-0D82-47A8-B3AB-1F57311E4F5C}.Ad-Hoc|iPhoneSimulator.Build.0 = Ad-Hoc|iPhoneSimulator
		{DAD837AC-0D82-47A8-B3AB-1F57311E4F5C}.Ad-Hoc|iPhoneSimulator.Deploy.0 = Ad-Hoc|iPhoneSimulator
		{DAD837AC-0D82-47A8-B3AB-1F57311E4F5C}.Ad-Hoc|x64.ActiveCfg = Ad-Hoc|iPhone
		{DAD837AC-0D82-47A8-B3AB-1F57311E4F5C}.Ad-Hoc|x64.Build.0 = Ad-Hoc|iPhone
		{DAD837AC-0D82-47A8-B3AB-1F57311E4F5C}.Ad-Hoc|x64.Deploy.0 = Ad-Hoc|iPhone
		{DAD837AC-0D82-47A8-B3AB-1F57311E4F5C}.Ad-Hoc|x86.ActiveCfg = Ad-Hoc|iPhone
		{DAD837AC-0D82-47A8-B3AB-1F57311E4F5C}.Ad-Hoc|x86.Build.0 = Ad-Hoc|iPhone
		{DAD837AC-0D82-47A8-B3AB-1F57311E4F5C}.Ad-Hoc|x86.Deploy.0 = Ad-Hoc|iPhone
		{DAD837AC-0D82-47A8-B3AB-1F57311E4F5C}.AppStore|Any CPU.ActiveCfg = AppStore|iPhone
		{DAD837AC-0D82-47A8-B3AB-1F57311E4F5C}.AppStore|Any CPU.Build.0 = AppStore|iPhone
		{DAD837AC-0D82-47A8-B3AB-1F57311E4F5C}.AppStore|Any CPU.Deploy.0 = AppStore|iPhone
		{DAD837AC-0D82-47A8-B3AB-1F57311E4F5C}.AppStore|ARM.ActiveCfg = AppStore|iPhone
		{DAD837AC-0D82-47A8-B3AB-1F57311E4F5C}.AppStore|ARM.Build.0 = AppStore|iPhone
		{DAD837AC-0D82-47A8-B3AB-1F57311E4F5C}.AppStore|ARM.Deploy.0 = AppStore|iPhone
		{DAD837AC-0D82-47A8-B3AB-1F57311E4F5C}.AppStore|iPhone.ActiveCfg = AppStore|iPhone
		{DAD837AC-0D82-47A8-B3AB-1F57311E4F5C}.AppStore|iPhone.Build.0 = AppStore|iPhone
		{DAD837AC-0D82-47A8-B3AB-1F57311E4F5C}.AppStore|iPhone.Deploy.0 = AppStore|iPhone
		{DAD837AC-0D82-47A8-B3AB-1F57311E4F5C}.AppStore|iPhoneSimulator.ActiveCfg = AppStore|iPhoneSimulator
		{DAD837AC-0D82-47A8-B3AB-1F57311E4F5C}.AppStore|iPhoneSimulator.Build.0 = AppStore|iPhoneSimulator
		{DAD837AC-0D82-47A8-B3AB-1F57311E4F5C}.AppStore|iPhoneSimulator.Deploy.0 = AppStore|iPhoneSimulator
		{DAD837AC-0D82-47A8-B3AB-1F57311E4F5C}.AppStore|x64.ActiveCfg = AppStore|iPhone
		{DAD837AC-0D82-47A8-B3AB-1F57311E4F5C}.AppStore|x64.Build.0 = AppStore|iPhone
		{DAD837AC-0D82-47A8-B3AB-1F57311E4F5C}.AppStore|x64.Deploy.0 = AppStore|iPhone
		{DAD837AC-0D82-47A8-B3AB-1F57311E4F5C}.AppStore|x86.ActiveCfg = AppStore|iPhone
		{DAD837AC-0D82-47A8-B3AB-1F57311E4F5C}.AppStore|x86.Build.0 = AppStore|iPhone
		{DAD837AC-0D82-47A8-B3AB-1F57311E4F5C}.AppStore|x86.Deploy.0 = AppStore|iPhone
		{DAD837AC-0D82-47A8-B3AB-1F57311E4F5C}.Debug|Any CPU.ActiveCfg = Debug|iPhoneSimulator
		{DAD837AC-0D82-47A8-B3AB-1F57311E4F5C}.Debug|Any CPU.Build.0 = Debug|iPhoneSimulator
		{DAD837AC-0D82-47A8-B3AB-1F57311E4F5C}.Debug|Any CPU.Deploy.0 = Debug|iPhoneSimulator
		{DAD837AC-0D82-47A8-B3AB-1F57311E4F5C}.Debug|ARM.ActiveCfg = Debug|iPhone
		{DAD837AC-0D82-47A8-B3AB-1F57311E4F5C}.Debug|ARM.Build.0 = Debug|iPhone
		{DAD837AC-0D82-47A8-B3AB-1F57311E4F5C}.Debug|ARM.Deploy.0 = Debug|iPhone
		{DAD837AC-0D82-47A8-B3AB-1F57311E4F5C}.Debug|iPhone.ActiveCfg = Debug|iPhone
		{DAD837AC-0D82-47A8-B3AB-1F57311E4F5C}.Debug|iPhone.Build.0 = Debug|iPhone
		{DAD837AC-0D82-47A8-B3AB-1F57311E4F5C}.Debug|iPhone.Deploy.0 = Debug|iPhone
		{DAD837AC-0D82-47A8-B3AB-1F57311E4F5C}.Debug|iPhoneSimulator.ActiveCfg = Debug|iPhoneSimulator
		{DAD837AC-0D82-47A8-B3AB-1F57311E4F5C}.Debug|iPhoneSimulator.Build.0 = Debug|iPhoneSimulator
		{DAD837AC-0D82-47A8-B3AB-1F57311E4F5C}.Debug|iPhoneSimulator.Deploy.0 = Debug|iPhoneSimulator
		{DAD837AC-0D82-47A8-B3AB-1F57311E4F5C}.Debug|x64.ActiveCfg = Debug|iPhone
		{DAD837AC-0D82-47A8-B3AB-1F57311E4F5C}.Debug|x64.Build.0 = Debug|iPhone
		{DAD837AC-0D82-47A8-B3AB-1F57311E4F5C}.Debug|x64.Deploy.0 = Debug|iPhone
		{DAD837AC-0D82-47A8-B3AB-1F57311E4F5C}.Debug|x86.ActiveCfg = Debug|iPhone
		{DAD837AC-0D82-47A8-B3AB-1F57311E4F5C}.Debug|x86.Build.0 = Debug|iPhone
		{DAD837AC-0D82-47A8-B3AB-1F57311E4F5C}.Debug|x86.Deploy.0 = Debug|iPhone
		{DAD837AC-0D82-47A8-B3AB-1F57311E4F5C}.Release|Any CPU.ActiveCfg = Release|iPhone
		{DAD837AC-0D82-47A8-B3AB-1F57311E4F5C}.Release|Any CPU.Build.0 = Release|iPhone
		{DAD837AC-0D82-47A8-B3AB-1F57311E4F5C}.Release|Any CPU.Deploy.0 = Release|iPhone
		{DAD837AC-0D82-47A8-B3AB-1F57311E4F5C}.Release|ARM.ActiveCfg = Release|iPhone
		{DAD837AC-0D82-47A8-B3AB-1F57311E4F5C}.Release|ARM.Build.0 = Release|iPhone
		{DAD837AC-0D82-47A8-B3AB-1F57311E4F5C}.Release|ARM.Deploy.0 = Release|iPhone
		{DAD837AC-0D82-47A8-B3AB-1F57311E4F5C}.Release|iPhone.ActiveCfg = Release|iPhone
		{DAD837AC-0D82-47A8-B3AB-1F57311E4F5C}.Release|iPhone.Build.0 = Release|iPhone
		{DAD837AC-0D82-47A8-B3AB-1F57311E4F5C}.Release|iPhone.Deploy.0 = Release|iPhone
		{DAD837AC-0D82-47A8-B3AB-1F57311E4F5C}.Release|iPhoneSimulator.ActiveCfg = Release|iPhoneSimulator
		{DAD837AC-0D82-47A8-B3AB-1F57311E4F5C}.Release|iPhoneSimulator.Build.0 = Release|iPhoneSimulator
		{DAD837AC-0D82-47A8-B3AB-1F57311E4F5C}.Release|iPhoneSimulator.Deploy.0 = Release|iPhoneSimulator
		{DAD837AC-0D82-47A8-B3AB-1F57311E4F5C}.Release|x64.ActiveCfg = Release|iPhone
		{DAD837AC-0D82-47A8-B3AB-1F57311E4F5C}.Release|x64.Build.0 = Release|iPhone
		{DAD837AC-0D82-47A8-B3AB-1F57311E4F5C}.Release|x64.Deploy.0 = Release|iPhone
		{DAD837AC-0D82-47A8-B3AB-1F57311E4F5C}.Release|x86.ActiveCfg = Release|iPhone
		{DAD837AC-0D82-47A8-B3AB-1F57311E4F5C}.Release|x86.Build.0 = Release|iPhone
		{DAD837AC-0D82-47A8-B3AB-1F57311E4F5C}.Release|x86.Deploy.0 = Release|iPhone
		{24557E7E-6874-4673-A660-4CFCA658075A}.Ad-Hoc|Any CPU.ActiveCfg = Release|x86
		{24557E7E-6874-4673-A660-4CFCA658075A}.Ad-Hoc|Any CPU.Build.0 = Release|x86
		{24557E7E-6874-4673-A660-4CFCA658075A}.Ad-Hoc|Any CPU.Deploy.0 = Release|x86
		{24557E7E-6874-4673-A660-4CFCA658075A}.Ad-Hoc|ARM.ActiveCfg = Release|ARM
		{24557E7E-6874-4673-A660-4CFCA658075A}.Ad-Hoc|ARM.Build.0 = Release|ARM
		{24557E7E-6874-4673-A660-4CFCA658075A}.Ad-Hoc|ARM.Deploy.0 = Release|ARM
		{24557E7E-6874-4673-A660-4CFCA658075A}.Ad-Hoc|iPhone.ActiveCfg = Release|x86
		{24557E7E-6874-4673-A660-4CFCA658075A}.Ad-Hoc|iPhone.Build.0 = Release|x86
		{24557E7E-6874-4673-A660-4CFCA658075A}.Ad-Hoc|iPhone.Deploy.0 = Release|x86
		{24557E7E-6874-4673-A660-4CFCA658075A}.Ad-Hoc|iPhoneSimulator.ActiveCfg = Release|x86
		{24557E7E-6874-4673-A660-4CFCA658075A}.Ad-Hoc|iPhoneSimulator.Build.0 = Release|x86
		{24557E7E-6874-4673-A660-4CFCA658075A}.Ad-Hoc|iPhoneSimulator.Deploy.0 = Release|x86
		{24557E7E-6874-4673-A660-4CFCA658075A}.Ad-Hoc|x64.ActiveCfg = Release|x64
		{24557E7E-6874-4673-A660-4CFCA658075A}.Ad-Hoc|x64.Build.0 = Release|x64
		{24557E7E-6874-4673-A660-4CFCA658075A}.Ad-Hoc|x64.Deploy.0 = Release|x64
		{24557E7E-6874-4673-A660-4CFCA658075A}.Ad-Hoc|x86.ActiveCfg = Release|x86
		{24557E7E-6874-4673-A660-4CFCA658075A}.Ad-Hoc|x86.Build.0 = Release|x86
		{24557E7E-6874-4673-A660-4CFCA658075A}.Ad-Hoc|x86.Deploy.0 = Release|x86
		{24557E7E-6874-4673-A660-4CFCA658075A}.AppStore|Any CPU.ActiveCfg = Release|x86
		{24557E7E-6874-4673-A660-4CFCA658075A}.AppStore|Any CPU.Build.0 = Release|x86
		{24557E7E-6874-4673-A660-4CFCA658075A}.AppStore|Any CPU.Deploy.0 = Release|x86
		{24557E7E-6874-4673-A660-4CFCA658075A}.AppStore|ARM.ActiveCfg = Release|ARM
		{24557E7E-6874-4673-A660-4CFCA658075A}.AppStore|ARM.Build.0 = Release|ARM
		{24557E7E-6874-4673-A660-4CFCA658075A}.AppStore|ARM.Deploy.0 = Release|ARM
		{24557E7E-6874-4673-A660-4CFCA658075A}.AppStore|iPhone.ActiveCfg = Release|x86
		{24557E7E-6874-4673-A660-4CFCA658075A}.AppStore|iPhone.Build.0 = Release|x86
		{24557E7E-6874-4673-A660-4CFCA658075A}.AppStore|iPhone.Deploy.0 = Release|x86
		{24557E7E-6874-4673-A660-4CFCA658075A}.AppStore|iPhoneSimulator.ActiveCfg = Release|x86
		{24557E7E-6874-4673-A660-4CFCA658075A}.AppStore|iPhoneSimulator.Build.0 = Release|x86
		{24557E7E-6874-4673-A660-4CFCA658075A}.AppStore|iPhoneSimulator.Deploy.0 = Release|x86
		{24557E7E-6874-4673-A660-4CFCA658075A}.AppStore|x64.ActiveCfg = Release|x64
		{24557E7E-6874-4673-A660-4CFCA658075A}.AppStore|x64.Build.0 = Release|x64
		{24557E7E-6874-4673-A660-4CFCA658075A}.AppStore|x64.Deploy.0 = Release|x64
		{24557E7E-6874-4673-A660-4CFCA658075A}.AppStore|x86.ActiveCfg = Release|x86
		{24557E7E-6874-4673-A660-4CFCA658075A}.AppStore|x86.Build.0 = Release|x86
		{24557E7E-6874-4673-A660-4CFCA658075A}.AppStore|x86.Deploy.0 = Release|x86
		{24557E7E-6874-4673-A660-4CFCA658075A}.Debug|Any CPU.ActiveCfg = Debug|x86
		{24557E7E-6874-4673-A660-4CFCA658075A}.Debug|Any CPU.Build.0 = Debug|x86
		{24557E7E-6874-4673-A660-4CFCA658075A}.Debug|Any CPU.Deploy.0 = Debug|x86
		{24557E7E-6874-4673-A660-4CFCA658075A}.Debug|ARM.ActiveCfg = Debug|ARM
		{24557E7E-6874-4673-A660-4CFCA658075A}.Debug|ARM.Build.0 = Debug|ARM
		{24557E7E-6874-4673-A660-4CFCA658075A}.Debug|ARM.Deploy.0 = Debug|ARM
		{24557E7E-6874-4673-A660-4CFCA658075A}.Debug|iPhone.ActiveCfg = Debug|x86
		{24557E7E-6874-4673-A660-4CFCA658075A}.Debug|iPhone.Build.0 = Debug|x86
		{24557E7E-6874-4673-A660-4CFCA658075A}.Debug|iPhone.Deploy.0 = Debug|x86
		{24557E7E-6874-4673-A660-4CFCA658075A}.Debug|iPhoneSimulator.ActiveCfg = Debug|x86
		{24557E7E-6874-4673-A660-4CFCA658075A}.Debug|iPhoneSimulator.Build.0 = Debug|x86
		{24557E7E-6874-4673-A660-4CFCA658075A}.Debug|iPhoneSimulator.Deploy.0 = Debug|x86
		{24557E7E-6874-4673-A660-4CFCA658075A}.Debug|x64.ActiveCfg = Debug|x64
		{24557E7E-6874-4673-A660-4CFCA658075A}.Debug|x64.Build.0 = Debug|x64
		{24557E7E-6874-4673-A660-4CFCA658075A}.Debug|x64.Deploy.0 = Debug|x64
		{24557E7E-6874-4673-A660-4CFCA658075A}.Debug|x86.ActiveCfg = Debug|x86
		{24557E7E-6874-4673-A660-4CFCA658075A}.Debug|x86.Build.0 = Debug|x86
		{24557E7E-6874-4673-A660-4CFCA658075A}.Debug|x86.Deploy.0 = Debug|x86
		{24557E7E-6874-4673-A660-4CFCA658075A}.Release|Any CPU.ActiveCfg = Release|x86
		{24557E7E-6874-4673-A660-4CFCA658075A}.Release|Any CPU.Build.0 = Release|x86
		{24557E7E-6874-4673-A660-4CFCA658075A}.Release|Any CPU.Deploy.0 = Release|x86
		{24557E7E-6874-4673-A660-4CFCA658075A}.Release|ARM.ActiveCfg = Release|ARM
		{24557E7E-6874-4673-A660-4CFCA658075A}.Release|ARM.Build.0 = Release|ARM
		{24557E7E-6874-4673-A660-4CFCA658075A}.Release|ARM.Deploy.0 = Release|ARM
		{24557E7E-6874-4673-A660-4CFCA658075A}.Release|iPhone.ActiveCfg = Release|x86
		{24557E7E-6874-4673-A660-4CFCA658075A}.Release|iPhone.Build.0 = Release|x86
		{24557E7E-6874-4673-A660-4CFCA658075A}.Release|iPhone.Deploy.0 = Release|x86
		{24557E7E-6874-4673-A660-4CFCA658075A}.Release|iPhoneSimulator.ActiveCfg = Release|x86
		{24557E7E-6874-4673-A660-4CFCA658075A}.Release|iPhoneSimulator.Build.0 = Release|x86
		{24557E7E-6874-4673-A660-4CFCA658075A}.Release|iPhoneSimulator.Deploy.0 = Release|x86
		{24557E7E-6874-4673-A660-4CFCA658075A}.Release|x64.ActiveCfg = Release|x64
		{24557E7E-6874-4673-A660-4CFCA658075A}.Release|x64.Build.0 = Release|x64
		{24557E7E-6874-4673-A660-4CFCA658075A}.Release|x64.Deploy.0 = Release|x64
		{24557E7E-6874-4673-A660-4CFCA658075A}.Release|x86.ActiveCfg = Release|x86
		{24557E7E-6874-4673-A660-4CFCA658075A}.Release|x86.Build.0 = Release|x86
		{24557E7E-6874-4673-A660-4CFCA658075A}.Release|x86.Deploy.0 = Release|x86
		{86168975-3D6D-4AE7-86E4-037E18B853FF}.Ad-Hoc|Any CPU.ActiveCfg = Debug|Any CPU
		{86168975-3D6D-4AE7-86E4-037E18B853FF}.Ad-Hoc|Any CPU.Build.0 = Debug|Any CPU
		{86168975-3D6D-4AE7-86E4-037E18B853FF}.Ad-Hoc|Any CPU.Deploy.0 = Debug|Any CPU
		{86168975-3D6D-4AE7-86E4-037E18B853FF}.Ad-Hoc|ARM.ActiveCfg = Debug|Any CPU
		{86168975-3D6D-4AE7-86E4-037E18B853FF}.Ad-Hoc|ARM.Build.0 = Debug|Any CPU
		{86168975-3D6D-4AE7-86E4-037E18B853FF}.Ad-Hoc|ARM.Deploy.0 = Debug|Any CPU
		{86168975-3D6D-4AE7-86E4-037E18B853FF}.Ad-Hoc|iPhone.ActiveCfg = Debug|Any CPU
		{86168975-3D6D-4AE7-86E4-037E18B853FF}.Ad-Hoc|iPhone.Build.0 = Debug|Any CPU
		{86168975-3D6D-4AE7-86E4-037E18B853FF}.Ad-Hoc|iPhone.Deploy.0 = Debug|Any CPU
		{86168975-3D6D-4AE7-86E4-037E18B853FF}.Ad-Hoc|iPhoneSimulator.ActiveCfg = Debug|Any CPU
		{86168975-3D6D-4AE7-86E4-037E18B853FF}.Ad-Hoc|iPhoneSimulator.Build.0 = Debug|Any CPU
		{86168975-3D6D-4AE7-86E4-037E18B853FF}.Ad-Hoc|iPhoneSimulator.Deploy.0 = Debug|Any CPU
		{86168975-3D6D-4AE7-86E4-037E18B853FF}.Ad-Hoc|x64.ActiveCfg = Debug|Any CPU
		{86168975-3D6D-4AE7-86E4-037E18B853FF}.Ad-Hoc|x64.Build.0 = Debug|Any CPU
		{86168975-3D6D-4AE7-86E4-037E18B853FF}.Ad-Hoc|x64.Deploy.0 = Debug|Any CPU
		{86168975-3D6D-4AE7-86E4-037E18B853FF}.Ad-Hoc|x86.ActiveCfg = Debug|Any CPU
		{86168975-3D6D-4AE7-86E4-037E18B853FF}.Ad-Hoc|x86.Build.0 = Debug|Any CPU
		{86168975-3D6D-4AE7-86E4-037E18B853FF}.Ad-Hoc|x86.Deploy.0 = Debug|Any CPU
		{86168975-3D6D-4AE7-86E4-037E18B853FF}.AppStore|Any CPU.ActiveCfg = Debug|Any CPU
		{86168975-3D6D-4AE7-86E4-037E18B853FF}.AppStore|Any CPU.Build.0 = Debug|Any CPU
		{86168975-3D6D-4AE7-86E4-037E18B853FF}.AppStore|Any CPU.Deploy.0 = Debug|Any CPU
		{86168975-3D6D-4AE7-86E4-037E18B853FF}.AppStore|ARM.ActiveCfg = Debug|Any CPU
		{86168975-3D6D-4AE7-86E4-037E18B853FF}.AppStore|ARM.Build.0 = Debug|Any CPU
		{86168975-3D6D-4AE7-86E4-037E18B853FF}.AppStore|ARM.Deploy.0 = Debug|Any CPU
		{86168975-3D6D-4AE7-86E4-037E18B853FF}.AppStore|iPhone.ActiveCfg = Debug|Any CPU
		{86168975-3D6D-4AE7-86E4-037E18B853FF}.AppStore|iPhone.Build.0 = Debug|Any CPU
		{86168975-3D6D-4AE7-86E4-037E18B853FF}.AppStore|iPhone.Deploy.0 = Debug|Any CPU
		{86168975-3D6D-4AE7-86E4-037E18B853FF}.AppStore|iPhoneSimulator.ActiveCfg = Debug|Any CPU
		{86168975-3D6D-4AE7-86E4-037E18B853FF}.AppStore|iPhoneSimulator.Build.0 = Debug|Any CPU
		{86168975-3D6D-4AE7-86E4-037E18B853FF}.AppStore|iPhoneSimulator.Deploy.0 = Debug|Any CPU
		{86168975-3D6D-4AE7-86E4-037E18B853FF}.AppStore|x64.ActiveCfg = Debug|Any CPU
		{86168975-3D6D-4AE7-86E4-037E18B853FF}.AppStore|x64.Build.0 = Debug|Any CPU
		{86168975-3D6D-4AE7-86E4-037E18B853FF}.AppStore|x64.Deploy.0 = Debug|Any CPU
		{86168975-3D6D-4AE7-86E4-037E18B853FF}.AppStore|x86.ActiveCfg = Debug|Any CPU
		{86168975-3D6D-4AE7-86E4-037E18B853FF}.AppStore|x86.Build.0 = Debug|Any CPU
		{86168975-3D6D-4AE7-86E4-037E18B853FF}.AppStore|x86.Deploy.0 = Debug|Any CPU
		{86168975-3D6D-4AE7-86E4-037E18B853FF}.Debug|Any CPU.ActiveCfg = Debug|Any CPU
		{86168975-3D6D-4AE7-86E4-037E18B853FF}.Debug|Any CPU.Build.0 = Debug|Any CPU
		{86168975-3D6D-4AE7-86E4-037E18B853FF}.Debug|Any CPU.Deploy.0 = Debug|Any CPU
		{86168975-3D6D-4AE7-86E4-037E18B853FF}.Debug|ARM.ActiveCfg = Debug|Any CPU
		{86168975-3D6D-4AE7-86E4-037E18B853FF}.Debug|ARM.Build.0 = Debug|Any CPU
		{86168975-3D6D-4AE7-86E4-037E18B853FF}.Debug|ARM.Deploy.0 = Debug|Any CPU
		{86168975-3D6D-4AE7-86E4-037E18B853FF}.Debug|iPhone.ActiveCfg = Debug|Any CPU
		{86168975-3D6D-4AE7-86E4-037E18B853FF}.Debug|iPhone.Build.0 = Debug|Any CPU
		{86168975-3D6D-4AE7-86E4-037E18B853FF}.Debug|iPhone.Deploy.0 = Debug|Any CPU
		{86168975-3D6D-4AE7-86E4-037E18B853FF}.Debug|iPhoneSimulator.ActiveCfg = Debug|Any CPU
		{86168975-3D6D-4AE7-86E4-037E18B853FF}.Debug|iPhoneSimulator.Build.0 = Debug|Any CPU
		{86168975-3D6D-4AE7-86E4-037E18B853FF}.Debug|iPhoneSimulator.Deploy.0 = Debug|Any CPU
		{86168975-3D6D-4AE7-86E4-037E18B853FF}.Debug|x64.ActiveCfg = Debug|Any CPU
		{86168975-3D6D-4AE7-86E4-037E18B853FF}.Debug|x64.Build.0 = Debug|Any CPU
		{86168975-3D6D-4AE7-86E4-037E18B853FF}.Debug|x64.Deploy.0 = Debug|Any CPU
		{86168975-3D6D-4AE7-86E4-037E18B853FF}.Debug|x86.ActiveCfg = Debug|Any CPU
		{86168975-3D6D-4AE7-86E4-037E18B853FF}.Debug|x86.Build.0 = Debug|Any CPU
		{86168975-3D6D-4AE7-86E4-037E18B853FF}.Debug|x86.Deploy.0 = Debug|Any CPU
		{86168975-3D6D-4AE7-86E4-037E18B853FF}.Release|Any CPU.ActiveCfg = Release|Any CPU
		{86168975-3D6D-4AE7-86E4-037E18B853FF}.Release|Any CPU.Build.0 = Release|Any CPU
		{86168975-3D6D-4AE7-86E4-037E18B853FF}.Release|Any CPU.Deploy.0 = Release|Any CPU
		{86168975-3D6D-4AE7-86E4-037E18B853FF}.Release|ARM.ActiveCfg = Release|Any CPU
		{86168975-3D6D-4AE7-86E4-037E18B853FF}.Release|ARM.Build.0 = Release|Any CPU
		{86168975-3D6D-4AE7-86E4-037E18B853FF}.Release|ARM.Deploy.0 = Release|Any CPU
		{86168975-3D6D-4AE7-86E4-037E18B853FF}.Release|iPhone.ActiveCfg = Release|Any CPU
		{86168975-3D6D-4AE7-86E4-037E18B853FF}.Release|iPhone.Build.0 = Release|Any CPU
		{86168975-3D6D-4AE7-86E4-037E18B853FF}.Release|iPhone.Deploy.0 = Release|Any CPU
		{86168975-3D6D-4AE7-86E4-037E18B853FF}.Release|iPhoneSimulator.ActiveCfg = Release|Any CPU
		{86168975-3D6D-4AE7-86E4-037E18B853FF}.Release|iPhoneSimulator.Build.0 = Release|Any CPU
		{86168975-3D6D-4AE7-86E4-037E18B853FF}.Release|iPhoneSimulator.Deploy.0 = Release|Any CPU
		{86168975-3D6D-4AE7-86E4-037E18B853FF}.Release|x64.ActiveCfg = Release|Any CPU
		{86168975-3D6D-4AE7-86E4-037E18B853FF}.Release|x64.Build.0 = Release|Any CPU
		{86168975-3D6D-4AE7-86E4-037E18B853FF}.Release|x64.Deploy.0 = Release|Any CPU
		{86168975-3D6D-4AE7-86E4-037E18B853FF}.Release|x86.ActiveCfg = Release|Any CPU
		{86168975-3D6D-4AE7-86E4-037E18B853FF}.Release|x86.Build.0 = Release|Any CPU
		{86168975-3D6D-4AE7-86E4-037E18B853FF}.Release|x86.Deploy.0 = Release|Any CPU
	EndGlobalSection
	GlobalSection(SolutionProperties) = preSolution
		HideSolutionNode = FALSE
	EndGlobalSection
	GlobalSection(ExtensibilityGlobals) = postSolution
		SolutionGuid = {19B8142C-3AC6-40B4-9105-C8E06785D921}
	EndGlobalSection
EndGlobal
